<Solution>
  <Folder Name="/src/">
    <Project Path="src/HotelBooking.Api/HotelBooking.Api.csproj" />
    <Project Path="src/HotelBooking.Contracts/HotelBooking.Contracts.csproj" />
    <Project Path="src/HotelBooking.Core/HotelBooking.Core.csproj" />
    <Project Path="src/HotelBooking.Infrastructure/HotelBooking.Infrastructure.csproj" />
  </Folder>
  <Folder Name="/tests/">
    <Project Path="tests/HotelBooking.Tests/HotelBooking.Tests.csproj" />
  </Folder>
</Solution>
